
Microsoft Visual Studio Solution File, Format Version 12.00
# Visual Studio Version 16
VisualStudioVersion = 16.0.30011.22
MinimumVisualStudioVersion = 10.0.40219.1
Project("{FAE04EC0-301F-11D3-BF4B-00C04F79EFBC}") = "Data Structures Library Old", "Data Structures Library Old\Data Structures Library Old.csproj", "{091A0D57-CB0B-4A88-B8B9-76E6E88B770D}"
EndProject
Project("{FAE04EC0-301F-11D3-BF4B-00C04F79EFBC}") = "AVL Tree Old", "AVL Tree Old\AVL Tree Old.csproj", "{52000153-00EE-4C2E-91C7-DCB5F57CEB5B}"
	ProjectSection(ProjectDependencies) = postProject
		{091A0D57-CB0B-4A88-B8B9-76E6E88B770D} = {091A0D57-CB0B-4A88-B8B9-76E6E88B770D}
	EndProjectSection
EndProject
Project("{FAE04EC0-301F-11D3-BF4B-00C04F79EFBC}") = "Binary Tree Old", "Binary Tree Old\Binary Tree Old.csproj", "{F6AA3DDF-0E4E-4549-863F-29C10B9C5F27}"
EndProject
Project("{FAE04EC0-301F-11D3-BF4B-00C04F79EFBC}") = "Left-Leaning Red-Black Tree Old", "Left-Leaning Red-Black Tree Old\Left-Leaning Red-Black Tree Old.csproj", "{32456CB8-30A3-4D31-A4F3-51EC84D5EE0A}"
EndProject
Global
	GlobalSection(SolutionConfigurationPlatforms) = preSolution
		Debug|Any CPU = Debug|Any CPU
		Release|Any CPU = Release|Any CPU
	EndGlobalSection
	GlobalSection(ProjectConfigurationPlatforms) = postSolution
		{091A0D57-CB0B-4A88-B8B9-76E6E88B770D}.Debug|Any CPU.ActiveCfg = Debug|Any CPU
		{091A0D57-CB0B-4A88-B8B9-76E6E88B770D}.Debug|Any CPU.Build.0 = Debug|Any CPU
		{091A0D57-CB0B-4A88-B8B9-76E6E88B770D}.Release|Any CPU.ActiveCfg = Release|Any CPU
		{091A0D57-CB0B-4A88-B8B9-76E6E88B770D}.Release|Any CPU.Build.0 = Release|Any CPU
		{52000153-00EE-4C2E-91C7-DCB5F57CEB5B}.Debug|Any CPU.ActiveCfg = Debug|Any CPU
		{52000153-00EE-4C2E-91C7-DCB5F57CEB5B}.Debug|Any CPU.Build.0 = Debug|Any CPU
		{52000153-00EE-4C2E-91C7-DCB5F57CEB5B}.Release|Any CPU.ActiveCfg = Release|Any CPU
		{52000153-00EE-4C2E-91C7-DCB5F57CEB5B}.Release|Any CPU.Build.0 = Release|Any CPU
		{F6AA3DDF-0E4E-4549-863F-29C10B9C5F27}.Debug|Any CPU.ActiveCfg = Debug|Any CPU
		{F6AA3DDF-0E4E-4549-863F-29C10B9C5F27}.Debug|Any CPU.Build.0 = Debug|Any CPU
		{F6AA3DDF-0E4E-4549-863F-29C10B9C5F27}.Release|Any CPU.ActiveCfg = Release|Any CPU
		{F6AA3DDF-0E4E-4549-863F-29C10B9C5F27}.Release|Any CPU.Build.0 = Release|Any CPU
		{32456CB8-30A3-4D31-A4F3-51EC84D5EE0A}.Debug|Any CPU.ActiveCfg = Debug|Any CPU
		{32456CB8-30A3-4D31-A4F3-51EC84D5EE0A}.Debug|Any CPU.Build.0 = Debug|Any CPU
		{32456CB8-30A3-4D31-A4F3-51EC84D5EE0A}.Release|Any CPU.ActiveCfg = Release|Any CPU
		{32456CB8-30A3-4D31-A4F3-51EC84D5EE0A}.Release|Any CPU.Build.0 = Release|Any CPU
	EndGlobalSection
	GlobalSection(SolutionProperties) = preSolution
		HideSolutionNode = FALSE
	EndGlobalSection
	GlobalSection(ExtensibilityGlobals) = postSolution
		SolutionGuid = {D5FF9FF7-691E-496B-8924-5BEE6D132208}
	EndGlobalSection
EndGlobal
